<?xml version="1.0" encoding="utf-8"?>
<Project ToolsVersion="4.0" xmlns="http://schemas.microsoft.com/developer/msbuild/2003">
  <ItemGroup>
    <Filter Include="Source Files">
      <UniqueIdentifier>{4FC737F1-C7A5-4376-A066-2A32D752A2FF}</UniqueIdentifier>
      <Extensions>cpp;c;cc;cxx;c++;cppm;ixx;def;odl;idl;hpj;bat;asm;asmx</Extensions>
    </Filter>
    <Filter Include="Header Files">
      <UniqueIdentifier>{93995380-89BD-4b04-88EB-625FBE52EBFB}</UniqueIdentifier>
      <Extensions>h;hh;hpp;hxx;h++;hm;inl;inc;ipp;xsd</Extensions>
    </Filter>
    <Filter Include="Resource Files">
      <UniqueIdentifier>{67DA6AB6-F800-4c08-8B7A-83BB121AAD01}</UniqueIdentifier>
      <Extensions>rc;ico;cur;bmp;dlg;rc2;rct;bin;rgs;gif;jpg;jpeg;jpe;resx;tiff;tif;png;wav;mfcribbon-ms</Extensions>
    </Filter>
  </ItemGroup>
  <ItemGroup>
    <ClCompile Include="source\main.cpp">
      <Filter>Source Files</Filter>
    </ClCompile>
    <ClCompile Include="source\process.cpp">
      <Filter>Source Files</Filter>
    </ClCompile>
    <ClCompile Include="source\debugger.cpp">
      <Filter>Source Files</Filter>
    </ClCompile>
    <ClCompile Include="source\breakpoints\breakpoints.cpp">
      <Filter>Source Files</Filter>
    </ClCompile>
    <ClCompile Include="external_libraries\nmd_assembly_wrapper.cpp">
      <Filter>Source Files</Filter>
    </ClCompile>
    <ClCompile Include="source\string_utils.cpp">
      <Filter>Source Files</Filter>
    </ClCompile>
    <ClCompile Include="source\buffer.cpp">
      <Filter>Source Files</Filter>
    </ClCompile>
    <ClCompile Include="source\internet_file.cpp">
      <Filter>Source Files</Filter>
    </ClCompile>
  </ItemGroup>
  <ItemGroup>
    <ClInclude Include="source\process.h">
      <Filter>Header Files</Filter>
    </ClInclude>
    <ClInclude Include="source\main.h">
      <Filter>Header Files</Filter>
    </ClInclude>
    <ClInclude Include="source\debugger.h">
      <Filter>Header Files</Filter>
    </ClInclude>
    <ClInclude Include="source\macros.h">
      <Filter>Header Files</Filter>
    </ClInclude>
    <ClInclude Include="source\breakpoints\breakpoints.h">
      <Filter>Header Files</Filter>
    </ClInclude>
    <ClInclude Include="external_libraries\nmd_assembly\nmd_assembly.h">
      <Filter>Header Files</Filter>
    </ClInclude>
    <ClInclude Include="external_libraries\nmd_assembly_wrapper.h">
      <Filter>Header Files</Filter>
    </ClInclude>
    <ClInclude Include="source\string_utils.h">
      <Filter>Header Files</Filter>
    </ClInclude>
    <ClInclude Include="source\buffer.h">
      <Filter>Header Files</Filter>
    </ClInclude>
    <ClInclude Include="source\internet_file.h">
      <Filter>Header Files</Filter>
    </ClInclude>
    <ClInclude Include="source\vector.h">
      <Filter>Header Files</Filter>
    </ClInclude>
    <ClInclude Include="hf2p\source\saved_games\game_variant.h">
      <Filter>Header Files</Filter>
    </ClInclude>
    <ClInclude Include="hf2p\source\game\game_options.h">
      <Filter>Header Files</Filter>
    </ClInclude>
    <ClInclude Include="hf2p\source\cseries\cseries.h">
      <Filter>Header Files</Filter>
    </ClInclude>
    <ClInclude Include="hf2p\source\game\game_engine_slayer.h">
      <Filter>Header Files</Filter>
    </ClInclude>
    <ClInclude Include="hf2p\source\game\game_engine_default.h">
      <Filter>Header Files</Filter>
    </ClInclude>
    <ClInclude Include="hf2p\source\game\game_engine_traits.h">
      <Filter>Header Files</Filter>
    </ClInclude>
    <ClInclude Include="hf2p\source\game\game_engine_ctf.h">
      <Filter>Header Files</Filter>
    </ClInclude>
    <ClInclude Include="hf2p\source\game\game_engine_oddball.h">
      <Filter>Header Files</Filter>
    </ClInclude>
    <ClInclude Include="hf2p\source\game\game_engine_king.h">
      <Filter>Header Files</Filter>
    </ClInclude>
    <ClInclude Include="hf2p\source\game\game_engine_sandbox.h">
      <Filter>Header Files</Filter>
    </ClInclude>
    <ClInclude Include="hf2p\source\game\game_engine_vip.h">
      <Filter>Header Files</Filter>
    </ClInclude>
    <ClInclude Include="hf2p\source\game\game_engine_juggernaut.h">
      <Filter>Header Files</Filter>
    </ClInclude>
    <ClInclude Include="hf2p\source\game\game_engine_territories.h">
      <Filter>Header Files</Filter>
    </ClInclude>
    <ClInclude Include="hf2p\source\game\game_engine_assault.h">
      <Filter>Header Files</Filter>
    </ClInclude>
    <ClInclude Include="hf2p\source\game\game_engine_infection.h">
      <Filter>Header Files</Filter>
    </ClInclude>
    <ClInclude Include="hf2p\source\game\game_engine.h">
      <Filter>Header Files</Filter>
    </ClInclude>
    <ClInclude Include="hf2p\source\game\game_engine_variant.h">
      <Filter>Header Files</Filter>
    </ClInclude>
    <ClInclude Include="hf2p\source\saved_games\saved_game_files.h">
      <Filter>Header Files</Filter>
    </ClInclude>
  </ItemGroup>
  <ItemGroup>
    <None Include="source\breakpoints\breakpoints.hf2p.inl">
      <Filter>Header Files</Filter>
    </None>
    <None Include="source\breakpoints\breakpoints.tools.odst.inl">
      <Filter>Header Files</Filter>
    </None>
    <None Include="source\breakpoints\breakpoints.tools.halo3.inl">
      <Filter>Header Files</Filter>
    </None>
  </ItemGroup>
</Project>